schema: '2.0'
stages:
  generate_data:
    cmd: python generate_data.py
    deps:
    - path: generate_data.py
      hash: md5
      md5: 9686c7174fcd5f9d7e0339fc8fba4d44
      size: 1145
    params:
      params.yaml:
        data.n_samples: 2000
        data.random_seed: 42
    outs:
    - path: data/churn_data.csv
      hash: md5
      md5: bb9bdfd1a4f6a0029b2fcbc4f76a3c3c
      size: 101778
  train:
    cmd: python train.py
    deps:
    - path: data/churn_data.csv
      hash: md5
      md5: bb9bdfd1a4f6a0029b2fcbc4f76a3c3c
      size: 101778
    - path: train.py
      hash: md5
      md5: 9a36ed28a0166f466879f6a71ec70317
      size: 1403
    params:
      params.yaml:
        train.n_estimators: 520
        train.random_state: 42
        train.test_size: 0.2
    outs:
    - path: metrics.json
      hash: md5
      md5: ecdcd5f46219173297ccae52c4f4e781
      size: 57
    - path: models/churn_model.pkl
      hash: md5
      md5: 88097f872f8fe117f6a331e879dabeb5
      size: 13140299
