schema: '2.0'
stages:
  generate_data:
    cmd: python generate_data.py
    deps:
    - path: generate_data.py
      hash: md5
      md5: cc9015a6155c51b4f2633a4da315829e
      size: 1062
    params:
      params.yaml:
        data.n_samples: 1000
        data.random_seed: 42
    outs:
    - path: data/churn_data.csv
      hash: md5
      md5: 73df4b94191b29d57362ae4a5b487a53
      size: 50313
  train:
    cmd: python train.py
    deps:
    - path: data/churn_data.csv
      hash: md5
      md5: 73df4b94191b29d57362ae4a5b487a53
      size: 50313
    - path: train.py
      hash: md5
      md5: 9a36ed28a0166f466879f6a71ec70317
      size: 1403
    params:
      params.yaml:
        train.n_estimators: 300
        train.random_state: 42
        train.test_size: 0.2
    outs:
    - path: metrics.json
      hash: md5
      md5: fac74106b5ab59bee5314cc2178d15df
      size: 55
    - path: models/churn_model.pkl
      hash: md5
      md5: c9a20cf59f45203671fe7719fbfce3b2
      size: 8932243
