schema: '2.0'
stages:
  generate_data:
    cmd: python generate_data.py
    deps:
    - path: generate_data.py
      hash: md5
      md5: cc9015a6155c51b4f2633a4da315829e
      size: 1062
    params:
      params.yaml:
        data.n_samples: 1000
        data.random_seed: 42
    outs:
    - path: data/churn_data.csv
      hash: md5
      md5: 73df4b94191b29d57362ae4a5b487a53
      size: 50313
  train:
    cmd: python train.py
    deps:
    - path: data/churn_data.csv
      hash: md5
      md5: 73df4b94191b29d57362ae4a5b487a53
      size: 50313
    - path: train.py
      hash: md5
      md5: ac5b111d27e35f16a87809c92034e67b
      size: 1357
    params:
      params.yaml:
        train.n_estimators: 350
        train.random_state: 42
        train.test_size: 0.2
    outs:
    - path: metrics.json
      hash: md5
      md5: d5ef14ef915684cd19209aa2ed037d02
      size: 56
    - path: models/churn_model.pkl
      hash: md5
      md5: 77fc2a7a9f9ac9f458326ab1918c50c9
      size: 10412084
